
Microsoft Visual Studio Solution File, Format Version 12.00
# Visual Studio Version 16
VisualStudioVersion = 16.0.30002.166
MinimumVisualStudioVersion = 10.0.40219.1
Project("{8BC9CEB8-8B4A-11D0-8D11-00A0C91BC942}") = "Dung Beetle", "Dung Beetle.vcxproj", "{CC8051B2-14F1-49EF-8AFF-9EC73806A763}"
EndProject
Global
	GlobalSection(SolutionConfigurationPlatforms) = preSolution
		Debug|x64 = Debug|x64
		Release|x64 = Release|x64
	EndGlobalSection
	GlobalSection(ProjectConfigurationPlatforms) = postSolution
		{CC8051B2-14F1-49EF-8AFF-9EC73806A763}.Debug|x64.ActiveCfg = Debug|x64
		{CC8051B2-14F1-49EF-8AFF-9EC73806A763}.Debug|x64.Build.0 = Debug|x64
		{CC8051B2-14F1-49EF-8AFF-9EC73806A763}.Release|x64.ActiveCfg = Release|x64
		{CC8051B2-14F1-49EF-8AFF-9EC73806A763}.Release|x64.Build.0 = Release|x64
	EndGlobalSection
	GlobalSection(SolutionProperties) = preSolution
		HideSolutionNode = FALSE
	EndGlobalSection
	GlobalSection(ExtensibilityGlobals) = postSolution
		SolutionGuid = {69FC74CA-18AC-40E0-AA25-F2BC8DEF9EFF}
	EndGlobalSection
EndGlobal
